
Microsoft Visual Studio Solution File, Format Version 12.00
# Visual Studio Version 17
VisualStudioVersion = 17.0.31825.309
MinimumVisualStudioVersion = 10.0.40219.1
Project("{FAE04EC0-301F-11D3-BF4B-00C04F79EFBC}") = "HalloEF", "HalloEF\HalloEF.csproj", "{71A50C34-17FC-4C6A-BCA0-2A4FFD51F87C}"
EndProject
Project("{FAE04EC0-301F-11D3-BF4B-00C04F79EFBC}") = "HalloEF.Model", "HallEF.Model\HalloEF.Model.csproj", "{C26D1334-8AFF-426B-AED6-30E2A9F7DF31}"
EndProject
Global
	GlobalSection(SolutionConfigurationPlatforms) = preSolution
		Debug|Any CPU = Debug|Any CPU
		Release|Any CPU = Release|Any CPU
	EndGlobalSection
	GlobalSection(ProjectConfigurationPlatforms) = postSolution
		{71A50C34-17FC-4C6A-BCA0-2A4FFD51F87C}.Debug|Any CPU.ActiveCfg = Debug|Any CPU
		{71A50C34-17FC-4C6A-BCA0-2A4FFD51F87C}.Debug|Any CPU.Build.0 = Debug|Any CPU
		{71A50C34-17FC-4C6A-BCA0-2A4FFD51F87C}.Release|Any CPU.ActiveCfg = Release|Any CPU
		{71A50C34-17FC-4C6A-BCA0-2A4FFD51F87C}.Release|Any CPU.Build.0 = Release|Any CPU
		{C26D1334-8AFF-426B-AED6-30E2A9F7DF31}.Debug|Any CPU.ActiveCfg = Debug|Any CPU
		{C26D1334-8AFF-426B-AED6-30E2A9F7DF31}.Debug|Any CPU.Build.0 = Debug|Any CPU
		{C26D1334-8AFF-426B-AED6-30E2A9F7DF31}.Release|Any CPU.ActiveCfg = Release|Any CPU
		{C26D1334-8AFF-426B-AED6-30E2A9F7DF31}.Release|Any CPU.Build.0 = Release|Any CPU
	EndGlobalSection
	GlobalSection(SolutionProperties) = preSolution
		HideSolutionNode = FALSE
	EndGlobalSection
	GlobalSection(ExtensibilityGlobals) = postSolution
		SolutionGuid = {4C594140-F943-4BA5-9802-A08F34C629D4}
	EndGlobalSection
EndGlobal
